
Microsoft Visual Studio Solution File, Format Version 12.00
# Visual Studio Version 17
VisualStudioVersion = 17.9.34902.65
MinimumVisualStudioVersion = 10.0.40219.1
Project("{2150E333-8FDC-42A3-9474-1A3956D46DE8}") = "src", "src", "{88001D67-2502-4770-9D7A-25E7A821E748}"
EndProject
Project("{2150E333-8FDC-42A3-9474-1A3956D46DE8}") = "test", "test", "{5180F0E5-A479-4D7B-9CE7-455506AC569D}"
EndProject
Project("{9A19103F-16F7-4668-BE54-9A1E7A4F7556}") = "IAS.Domain", "Domain\IAS.Domain.csproj", "{5B6D32F2-D678-4B7E-9A56-3578D73F7EA1}"
EndProject
Project("{9A19103F-16F7-4668-BE54-9A1E7A4F7556}") = "IAS.Infrastructure", "Infrastructure\IAS.Infrastructure.csproj", "{218040D1-116E-4843-A0D1-379B935EB2BB}"
EndProject
Project("{2150E333-8FDC-42A3-9474-1A3956D46DE8}") = "Core", "Core", "{4DFD511D-4197-49EE-BA1A-B4450B33BA1F}"
EndProject
Project("{2150E333-8FDC-42A3-9474-1A3956D46DE8}") = "Infrastructure", "Infrastructure", "{6C1E0A5B-16BB-4C55-870A-172BF9BC39B5}"
EndProject
Project("{9A19103F-16F7-4668-BE54-9A1E7A4F7556}") = "IAS.Application", "IAS.Application\IAS.Application.csproj", "{AA2EE7F7-8F48-4F8E-9164-F3F1BA863B15}"
EndProject
Project("{2150E333-8FDC-42A3-9474-1A3956D46DE8}") = "Api", "Api", "{823A30B7-7ADE-4A05-A47E-F4C2BB83213D}"
EndProject
Project("{FAE04EC0-301F-11D3-BF4B-00C04F79EFBC}") = "IAS.API", "IAS.API\IAS.API.csproj", "{F2F77BDE-9B3E-4B1D-BB48-B239469CB393}"
EndProject
Project("{FAE04EC0-301F-11D3-BF4B-00C04F79EFBC}") = "IAS.Application.UnitTest", "IAS.Application.UnitTest\IAS.Application.UnitTest.csproj", "{BA64ECB4-FBA7-4D0F-A033-FB0B0598C665}"
EndProject
Global
	GlobalSection(SolutionConfigurationPlatforms) = preSolution
		Debug|Any CPU = Debug|Any CPU
		Release|Any CPU = Release|Any CPU
	EndGlobalSection
	GlobalSection(ProjectConfigurationPlatforms) = postSolution
		{5B6D32F2-D678-4B7E-9A56-3578D73F7EA1}.Debug|Any CPU.ActiveCfg = Debug|Any CPU
		{5B6D32F2-D678-4B7E-9A56-3578D73F7EA1}.Debug|Any CPU.Build.0 = Debug|Any CPU
		{5B6D32F2-D678-4B7E-9A56-3578D73F7EA1}.Release|Any CPU.ActiveCfg = Release|Any CPU
		{5B6D32F2-D678-4B7E-9A56-3578D73F7EA1}.Release|Any CPU.Build.0 = Release|Any CPU
		{218040D1-116E-4843-A0D1-379B935EB2BB}.Debug|Any CPU.ActiveCfg = Debug|Any CPU
		{218040D1-116E-4843-A0D1-379B935EB2BB}.Debug|Any CPU.Build.0 = Debug|Any CPU
		{218040D1-116E-4843-A0D1-379B935EB2BB}.Release|Any CPU.ActiveCfg = Release|Any CPU
		{218040D1-116E-4843-A0D1-379B935EB2BB}.Release|Any CPU.Build.0 = Release|Any CPU
		{AA2EE7F7-8F48-4F8E-9164-F3F1BA863B15}.Debug|Any CPU.ActiveCfg = Debug|Any CPU
		{AA2EE7F7-8F48-4F8E-9164-F3F1BA863B15}.Debug|Any CPU.Build.0 = Debug|Any CPU
		{AA2EE7F7-8F48-4F8E-9164-F3F1BA863B15}.Release|Any CPU.ActiveCfg = Release|Any CPU
		{AA2EE7F7-8F48-4F8E-9164-F3F1BA863B15}.Release|Any CPU.Build.0 = Release|Any CPU
		{F2F77BDE-9B3E-4B1D-BB48-B239469CB393}.Debug|Any CPU.ActiveCfg = Debug|Any CPU
		{F2F77BDE-9B3E-4B1D-BB48-B239469CB393}.Debug|Any CPU.Build.0 = Debug|Any CPU
		{F2F77BDE-9B3E-4B1D-BB48-B239469CB393}.Release|Any CPU.ActiveCfg = Release|Any CPU
		{F2F77BDE-9B3E-4B1D-BB48-B239469CB393}.Release|Any CPU.Build.0 = Release|Any CPU
		{BA64ECB4-FBA7-4D0F-A033-FB0B0598C665}.Debug|Any CPU.ActiveCfg = Debug|Any CPU
		{BA64ECB4-FBA7-4D0F-A033-FB0B0598C665}.Debug|Any CPU.Build.0 = Debug|Any CPU
		{BA64ECB4-FBA7-4D0F-A033-FB0B0598C665}.Release|Any CPU.ActiveCfg = Release|Any CPU
		{BA64ECB4-FBA7-4D0F-A033-FB0B0598C665}.Release|Any CPU.Build.0 = Release|Any CPU
	EndGlobalSection
	GlobalSection(SolutionProperties) = preSolution
		HideSolutionNode = FALSE
	EndGlobalSection
	GlobalSection(NestedProjects) = preSolution
		{5B6D32F2-D678-4B7E-9A56-3578D73F7EA1} = {4DFD511D-4197-49EE-BA1A-B4450B33BA1F}
		{218040D1-116E-4843-A0D1-379B935EB2BB} = {6C1E0A5B-16BB-4C55-870A-172BF9BC39B5}
		{4DFD511D-4197-49EE-BA1A-B4450B33BA1F} = {88001D67-2502-4770-9D7A-25E7A821E748}
		{6C1E0A5B-16BB-4C55-870A-172BF9BC39B5} = {88001D67-2502-4770-9D7A-25E7A821E748}
		{AA2EE7F7-8F48-4F8E-9164-F3F1BA863B15} = {4DFD511D-4197-49EE-BA1A-B4450B33BA1F}
		{823A30B7-7ADE-4A05-A47E-F4C2BB83213D} = {88001D67-2502-4770-9D7A-25E7A821E748}
		{F2F77BDE-9B3E-4B1D-BB48-B239469CB393} = {823A30B7-7ADE-4A05-A47E-F4C2BB83213D}
		{BA64ECB4-FBA7-4D0F-A033-FB0B0598C665} = {5180F0E5-A479-4D7B-9CE7-455506AC569D}
	EndGlobalSection
	GlobalSection(ExtensibilityGlobals) = postSolution
		SolutionGuid = {3A3D212C-AA89-44AB-99D1-B1E410C409E2}
	EndGlobalSection
EndGlobal
